# This file is automatically @generated by Cargo.
# It is not intended for manual editing.
version = 4

[[package]]
name = "countme"
version = "3.0.1"
source = "registry+https://github.com/rust-lang/crates.io-index"
checksum = "7704b5fdd17b18ae31c4c1da5a2e0305a2bf17b5249300a9ee9ed7b72114c636"

[[package]]
name = "dissimilar"
version = "1.0.11"
source = "registry+https://github.com/rust-lang/crates.io-index"
checksum = "aeda16ab4059c5fd2a83f2b9c9e9c981327b18aa8e3b313f7e6563799d4f093e"

[[package]]
name = "expect-test"
version = "1.5.1"
source = "registry+https://github.com/rust-lang/crates.io-index"
checksum = "63af43ff4431e848fb47472a920f14fa71c24de13255a5692e93d4e90302acb0"
dependencies = [
 "dissimilar",
 "once_cell",
]

[[package]]
name = "hashbrown"
version = "0.14.5"
source = "registry+https://github.com/rust-lang/crates.io-index"
checksum = "e5274423e17b7c9fc20b6e7e208532f9b19825d82dfd615708b70edd83df41f1"

[[package]]
name = "once_cell"
version = "1.21.4"
source = "registry+https://github.com/rust-lang/crates.io-index"
checksum = "9f7c3e4beb33f85d45ae3e3a1792185706c8e16d043238c593331cc7cd313b50"

[[package]]
name = "recite-cli"
version = "0.0.1"
dependencies = [
 "recite-compiler",
 "recite-core",
 "recite-parser",
 "recite-runtime",
]

[[package]]
name = "recite-compiler"
version = "0.0.1"
dependencies = [
 "recite-core",
 "recite-parser",
]

[[package]]
name = "recite-core"
version = "0.0.1"

[[package]]
name = "recite-lsp"
version = "0.0.1"
dependencies = [
 "recite-compiler",
 "recite-core",
 "recite-parser",
]

[[package]]
name = "recite-parser"
version = "0.0.1"
dependencies = [
 "expect-test",
 "recite-core",
 "rowan",
]

[[package]]
name = "recite-runtime"
version = "0.0.1"
dependencies = [
 "recite-core",
]

[[package]]
name = "rowan"
version = "0.16.1"
source = "registry+https://github.com/rust-lang/crates.io-index"
checksum = "417a3a9f582e349834051b8a10c8d71ca88da4211e4093528e36b9845f6b5f21"
dependencies = [
 "countme",
 "hashbrown",
 "rustc-hash",
 "text-size",
]

[[package]]
name = "rustc-hash"
version = "1.1.0"
source = "registry+https://github.com/rust-lang/crates.io-index"
checksum = "08d43f7aa6b08d49f382cde6a7982047c3426db949b1424bc4b7ec9ae12c6ce2"

[[package]]
name = "text-size"
version = "1.1.1"
source = "registry+https://github.com/rust-lang/crates.io-index"
checksum = "f18aa187839b2bdb1ad2fa35ead8c4c2976b64e4363c386d45ac0f7ee85c9233"
