# This file is automatically @generated by Cargo.
# It is not intended for manual editing.
version = 4

[[package]]
name = "recite-cli"
version = "0.0.1"
dependencies = [
 "recite-compiler",
 "recite-core",
 "recite-parser",
 "recite-runtime",
]

[[package]]
name = "recite-compiler"
version = "0.0.1"
dependencies = [
 "recite-core",
 "recite-parser",
]

[[package]]
name = "recite-core"
version = "0.0.1"

[[package]]
name = "recite-lsp"
version = "0.0.1"
dependencies = [
 "recite-compiler",
 "recite-core",
 "recite-parser",
]

[[package]]
name = "recite-parser"
version = "0.0.1"
dependencies = [
 "recite-core",
]

[[package]]
name = "recite-runtime"
version = "0.0.1"
dependencies = [
 "recite-core",
]
